
Microsoft Visual Studio Solution File, Format Version 12.00
# Visual Studio 15
VisualStudioVersion = 15.0.28307.1300
MinimumVisualStudioVersion = 10.0.40219.1
Project("{E24C65DC-7377-472B-9ABA-BC803B73C61A}") = "shahdforoush", "shahdforoush\", "{1FF3627B-9A4C-49EF-9A04-ECA94F787D34}"
	ProjectSection(WebsiteProperties) = preProject
		TargetFrameworkMoniker = ".NETFramework,Version%3Dv4.5"
		Debug.AspNetCompiler.VirtualPath = "/localhost_55065"
		Debug.AspNetCompiler.PhysicalPath = "shahdforoush\"
		Debug.AspNetCompiler.TargetPath = "PrecompiledWeb\localhost_55065\"
		Debug.AspNetCompiler.Updateable = "true"
		Debug.AspNetCompiler.ForceOverwrite = "true"
		Debug.AspNetCompiler.FixedNames = "false"
		Debug.AspNetCompiler.Debug = "True"
		Release.AspNetCompiler.VirtualPath = "/localhost_55065"
		Release.AspNetCompiler.PhysicalPath = "shahdforoush\"
		Release.AspNetCompiler.TargetPath = "PrecompiledWeb\localhost_55065\"
		Release.AspNetCompiler.Updateable = "true"
		Release.AspNetCompiler.ForceOverwrite = "true"
		Release.AspNetCompiler.FixedNames = "false"
		Release.AspNetCompiler.Debug = "False"
		VWDPort = "55065"
		SlnRelativePath = "shahdforoush\"
		DefaultWebSiteLanguage = "Visual C#"
	EndProjectSection
EndProject
Global
	GlobalSection(SolutionConfigurationPlatforms) = preSolution
		Debug|Any CPU = Debug|Any CPU
	EndGlobalSection
	GlobalSection(ProjectConfigurationPlatforms) = postSolution
		{1FF3627B-9A4C-49EF-9A04-ECA94F787D34}.Debug|Any CPU.ActiveCfg = Debug|Any CPU
		{1FF3627B-9A4C-49EF-9A04-ECA94F787D34}.Debug|Any CPU.Build.0 = Debug|Any CPU
	EndGlobalSection
	GlobalSection(SolutionProperties) = preSolution
		HideSolutionNode = FALSE
	EndGlobalSection
	GlobalSection(ExtensibilityGlobals) = postSolution
		SolutionGuid = {BC08F859-CF9A-48EC-92EE-07C0D27FADFF}
	EndGlobalSection
EndGlobal
